
Microsoft Visual Studio Solution File, Format Version 12.00
# Visual Studio Version 17
VisualStudioVersion = 17.4.33103.184
MinimumVisualStudioVersion = 10.0.40219.1
Project("{FAE04EC0-301F-11D3-BF4B-00C04F79EFBC}") = "ExceptionReflection", "ExceptionReflection\ExceptionReflection.csproj", "{1BE76CBE-4885-403D-8FA9-F308C9174215}"
EndProject
Global
	GlobalSection(SolutionConfigurationPlatforms) = preSolution
		Debug|Any CPU = Debug|Any CPU
		Release|Any CPU = Release|Any CPU
	EndGlobalSection
	GlobalSection(ProjectConfigurationPlatforms) = postSolution
		{1BE76CBE-4885-403D-8FA9-F308C9174215}.Debug|Any CPU.ActiveCfg = Debug|Any CPU
		{1BE76CBE-4885-403D-8FA9-F308C9174215}.Debug|Any CPU.Build.0 = Debug|Any CPU
		{1BE76CBE-4885-403D-8FA9-F308C9174215}.Release|Any CPU.ActiveCfg = Release|Any CPU
		{1BE76CBE-4885-403D-8FA9-F308C9174215}.Release|Any CPU.Build.0 = Release|Any CPU
	EndGlobalSection
	GlobalSection(SolutionProperties) = preSolution
		HideSolutionNode = FALSE
	EndGlobalSection
	GlobalSection(ExtensibilityGlobals) = postSolution
		SolutionGuid = {4B3541B4-6D8D-4BB1-AF3A-E869E65B2122}
	EndGlobalSection
EndGlobal
